
Microsoft Visual Studio Solution File, Format Version 12.00
# Visual Studio Version 17
VisualStudioVersion = 17.11.35312.102
MinimumVisualStudioVersion = 10.0.40219.1
Project("{FAE04EC0-301F-11D3-BF4B-00C04F79EFBC}") = "FacturaWS", "FacturaWS\FacturaWS.csproj", "{3D9C274C-3813-4D6E-B7E3-EC8EF79C19D6}"
EndProject
Project("{FAE04EC0-301F-11D3-BF4B-00C04F79EFBC}") = "GesFactura", "GesFactura\GesFactura.csproj", "{9E83DDCD-91BC-428E-B83F-6325EA8FFC22}"
	ProjectSection(ProjectDependencies) = postProject
		{3D9C274C-3813-4D6E-B7E3-EC8EF79C19D6} = {3D9C274C-3813-4D6E-B7E3-EC8EF79C19D6}
	EndProjectSection
EndProject
Global
	GlobalSection(SolutionConfigurationPlatforms) = preSolution
		Debug|Any CPU = Debug|Any CPU
		Release|Any CPU = Release|Any CPU
	EndGlobalSection
	GlobalSection(ProjectConfigurationPlatforms) = postSolution
		{3D9C274C-3813-4D6E-B7E3-EC8EF79C19D6}.Debug|Any CPU.ActiveCfg = Debug|Any CPU
		{3D9C274C-3813-4D6E-B7E3-EC8EF79C19D6}.Debug|Any CPU.Build.0 = Debug|Any CPU
		{3D9C274C-3813-4D6E-B7E3-EC8EF79C19D6}.Release|Any CPU.ActiveCfg = Release|Any CPU
		{3D9C274C-3813-4D6E-B7E3-EC8EF79C19D6}.Release|Any CPU.Build.0 = Release|Any CPU
		{9E83DDCD-91BC-428E-B83F-6325EA8FFC22}.Debug|Any CPU.ActiveCfg = Debug|Any CPU
		{9E83DDCD-91BC-428E-B83F-6325EA8FFC22}.Debug|Any CPU.Build.0 = Debug|Any CPU
		{9E83DDCD-91BC-428E-B83F-6325EA8FFC22}.Release|Any CPU.ActiveCfg = Release|Any CPU
		{9E83DDCD-91BC-428E-B83F-6325EA8FFC22}.Release|Any CPU.Build.0 = Release|Any CPU
	EndGlobalSection
	GlobalSection(SolutionProperties) = preSolution
		HideSolutionNode = FALSE
	EndGlobalSection
	GlobalSection(ExtensibilityGlobals) = postSolution
		SolutionGuid = {96BFC14E-B536-4713-9B92-BC05219A8553}
	EndGlobalSection
EndGlobal
